
Microsoft Visual Studio Solution File, Format Version 12.00
# Visual Studio Version 16
VisualStudioVersion = 16.0.32228.343
MinimumVisualStudioVersion = 10.0.40219.1
Project("{FAE04EC0-301F-11D3-BF4B-00C04F79EFBC}") = "TestsLogistic", "TestsLogistic\TestsLogistic.csproj", "{803C9B8C-FE83-468D-8D65-2402F006E537}"
EndProject
Global
	GlobalSection(SolutionConfigurationPlatforms) = preSolution
		Debug|Any CPU = Debug|Any CPU
		Release|Any CPU = Release|Any CPU
	EndGlobalSection
	GlobalSection(ProjectConfigurationPlatforms) = postSolution
		{803C9B8C-FE83-468D-8D65-2402F006E537}.Debug|Any CPU.ActiveCfg = Debug|Any CPU
		{803C9B8C-FE83-468D-8D65-2402F006E537}.Debug|Any CPU.Build.0 = Debug|Any CPU
		{803C9B8C-FE83-468D-8D65-2402F006E537}.Release|Any CPU.ActiveCfg = Release|Any CPU
		{803C9B8C-FE83-468D-8D65-2402F006E537}.Release|Any CPU.Build.0 = Release|Any CPU
	EndGlobalSection
	GlobalSection(SolutionProperties) = preSolution
		HideSolutionNode = FALSE
	EndGlobalSection
	GlobalSection(ExtensibilityGlobals) = postSolution
		SolutionGuid = {4289D064-1200-4915-BBA3-28546FDFF13E}
	EndGlobalSection
EndGlobal
