
Microsoft Visual Studio Solution File, Format Version 12.00
# Visual Studio Version 16
VisualStudioVersion = 16.0.30907.101
MinimumVisualStudioVersion = 10.0.40219.1
Project("{FAE04EC0-301F-11D3-BF4B-00C04F79EFBC}") = "FileManager", "FileManager.csproj", "{3B444B8B-D203-463E-8FAA-E4F1424C074A}"
EndProject
Global
	GlobalSection(SolutionConfigurationPlatforms) = preSolution
		Debug|Any CPU = Debug|Any CPU
		Release|Any CPU = Release|Any CPU
	EndGlobalSection
	GlobalSection(ProjectConfigurationPlatforms) = postSolution
		{3B444B8B-D203-463E-8FAA-E4F1424C074A}.Debug|Any CPU.ActiveCfg = Debug|Any CPU
		{3B444B8B-D203-463E-8FAA-E4F1424C074A}.Debug|Any CPU.Build.0 = Debug|Any CPU
		{3B444B8B-D203-463E-8FAA-E4F1424C074A}.Release|Any CPU.ActiveCfg = Release|Any CPU
		{3B444B8B-D203-463E-8FAA-E4F1424C074A}.Release|Any CPU.Build.0 = Release|Any CPU
	EndGlobalSection
	GlobalSection(SolutionProperties) = preSolution
		HideSolutionNode = FALSE
	EndGlobalSection
	GlobalSection(ExtensibilityGlobals) = postSolution
		SolutionGuid = {A9414255-2820-4ABF-BAF9-0EB2159705EE}
	EndGlobalSection
EndGlobal
