
Microsoft Visual Studio Solution File, Format Version 12.00
# Visual Studio 15
VisualStudioVersion = 15.0.28307.1321
MinimumVisualStudioVersion = 10.0.40219.1
Project("{FAE04EC0-301F-11D3-BF4B-00C04F79EFBC}") = "screensaver", "screensaver\screensaver.csproj", "{997ED0D0-4519-40B9-ACF3-E4017B53D820}"
EndProject
Global
	GlobalSection(SolutionConfigurationPlatforms) = preSolution
		Debug|Any CPU = Debug|Any CPU
		Release|Any CPU = Release|Any CPU
	EndGlobalSection
	GlobalSection(ProjectConfigurationPlatforms) = postSolution
		{997ED0D0-4519-40B9-ACF3-E4017B53D820}.Debug|Any CPU.ActiveCfg = Debug|Any CPU
		{997ED0D0-4519-40B9-ACF3-E4017B53D820}.Debug|Any CPU.Build.0 = Debug|Any CPU
		{997ED0D0-4519-40B9-ACF3-E4017B53D820}.Release|Any CPU.ActiveCfg = Release|Any CPU
		{997ED0D0-4519-40B9-ACF3-E4017B53D820}.Release|Any CPU.Build.0 = Release|Any CPU
	EndGlobalSection
	GlobalSection(SolutionProperties) = preSolution
		HideSolutionNode = FALSE
	EndGlobalSection
	GlobalSection(ExtensibilityGlobals) = postSolution
		SolutionGuid = {FE4FD9B2-0407-4C7B-A5AF-30388D897B8C}
	EndGlobalSection
EndGlobal
