
Microsoft Visual Studio Solution File, Format Version 12.00
# Visual Studio Version 16
VisualStudioVersion = 16.0.32002.261
MinimumVisualStudioVersion = 10.0.40219.1
Project("{9A19103F-16F7-4668-BE54-9A1E7A4F7556}") = "DummyPhotoshop", "DummyPhotoshop.csproj", "{55C450A4-5052-4B9E-ADBC-FC0F901E11E3}"
EndProject
Project("{FAE04EC0-301F-11D3-BF4B-00C04F79EFBC}") = "DummyPhotoshopTests", "..\TestProject1\DummyPhotoshopTests.csproj", "{346BA7CD-43DA-41D5-90A0-C9DC2B3B3663}"
EndProject
Global
	GlobalSection(SolutionConfigurationPlatforms) = preSolution
		Debug|Any CPU = Debug|Any CPU
		Release|Any CPU = Release|Any CPU
	EndGlobalSection
	GlobalSection(ProjectConfigurationPlatforms) = postSolution
		{55C450A4-5052-4B9E-ADBC-FC0F901E11E3}.Debug|Any CPU.ActiveCfg = Debug|Any CPU
		{55C450A4-5052-4B9E-ADBC-FC0F901E11E3}.Debug|Any CPU.Build.0 = Debug|Any CPU
		{55C450A4-5052-4B9E-ADBC-FC0F901E11E3}.Release|Any CPU.ActiveCfg = Release|Any CPU
		{55C450A4-5052-4B9E-ADBC-FC0F901E11E3}.Release|Any CPU.Build.0 = Release|Any CPU
		{346BA7CD-43DA-41D5-90A0-C9DC2B3B3663}.Debug|Any CPU.ActiveCfg = Debug|Any CPU
		{346BA7CD-43DA-41D5-90A0-C9DC2B3B3663}.Debug|Any CPU.Build.0 = Debug|Any CPU
		{346BA7CD-43DA-41D5-90A0-C9DC2B3B3663}.Release|Any CPU.ActiveCfg = Release|Any CPU
		{346BA7CD-43DA-41D5-90A0-C9DC2B3B3663}.Release|Any CPU.Build.0 = Release|Any CPU
	EndGlobalSection
	GlobalSection(SolutionProperties) = preSolution
		HideSolutionNode = FALSE
	EndGlobalSection
	GlobalSection(ExtensibilityGlobals) = postSolution
		SolutionGuid = {DFF7C4FD-BD49-4DAC-9FD9-080C48685583}
	EndGlobalSection
EndGlobal
