
Microsoft Visual Studio Solution File, Format Version 12.00
# Visual Studio Version 17
VisualStudioVersion = 17.1.32210.238
MinimumVisualStudioVersion = 10.0.40219.1
Project("{FAE04EC0-301F-11D3-BF4B-00C04F79EFBC}") = "PasswordManager.Tests", "PasswordManager.Tests\PasswordManager.Tests.csproj", "{1BC1A871-0A00-41C8-A7E1-2CDA00EE6AE0}"
EndProject
Project("{FAE04EC0-301F-11D3-BF4B-00C04F79EFBC}") = "PasswordManager.Core", "PasswordManager.Core\PasswordManager.Core.csproj", "{6E68A113-F377-4E0E-89BE-91820097334E}"
EndProject
Project("{FAE04EC0-301F-11D3-BF4B-00C04F79EFBC}") = "PasswordManager.Application", "PasswordManager.Application\PasswordManager.Application.csproj", "{E889680F-C2CC-4C4E-BF4A-1C844AD577E4}"
EndProject
Project("{FAE04EC0-301F-11D3-BF4B-00C04F79EFBC}") = "PasswordManager.DAL.Entities", "PasswordManager.DAL.Entities\PasswordManager.DAL.Entities.csproj", "{4DE4F3E5-0768-47D0-ABD6-21FC6DB01B35}"
EndProject
Project("{FAE04EC0-301F-11D3-BF4B-00C04F79EFBC}") = "PasswordManager.DAL.Repositories", "PasswordManager.DAL.Repositories\PasswordManager.DAL.Repositories.csproj", "{ABF854B4-2A31-4D9D-A45C-ADA0C3114842}"
EndProject
Project("{FAE04EC0-301F-11D3-BF4B-00C04F79EFBC}") = "PasswordManager.UseCases", "PasswordManager.UseCases\PasswordManager.UseCases.csproj", "{F8F13775-895C-4AB5-AB69-7B68ED4EC8D6}"
EndProject
Global
	GlobalSection(SolutionConfigurationPlatforms) = preSolution
		Debug|Any CPU = Debug|Any CPU
		Release|Any CPU = Release|Any CPU
	EndGlobalSection
	GlobalSection(ProjectConfigurationPlatforms) = postSolution
		{1BC1A871-0A00-41C8-A7E1-2CDA00EE6AE0}.Debug|Any CPU.ActiveCfg = Debug|Any CPU
		{1BC1A871-0A00-41C8-A7E1-2CDA00EE6AE0}.Debug|Any CPU.Build.0 = Debug|Any CPU
		{1BC1A871-0A00-41C8-A7E1-2CDA00EE6AE0}.Release|Any CPU.ActiveCfg = Release|Any CPU
		{1BC1A871-0A00-41C8-A7E1-2CDA00EE6AE0}.Release|Any CPU.Build.0 = Release|Any CPU
		{6E68A113-F377-4E0E-89BE-91820097334E}.Debug|Any CPU.ActiveCfg = Debug|Any CPU
		{6E68A113-F377-4E0E-89BE-91820097334E}.Debug|Any CPU.Build.0 = Debug|Any CPU
		{6E68A113-F377-4E0E-89BE-91820097334E}.Release|Any CPU.ActiveCfg = Release|Any CPU
		{6E68A113-F377-4E0E-89BE-91820097334E}.Release|Any CPU.Build.0 = Release|Any CPU
		{E889680F-C2CC-4C4E-BF4A-1C844AD577E4}.Debug|Any CPU.ActiveCfg = Debug|Any CPU
		{E889680F-C2CC-4C4E-BF4A-1C844AD577E4}.Debug|Any CPU.Build.0 = Debug|Any CPU
		{E889680F-C2CC-4C4E-BF4A-1C844AD577E4}.Release|Any CPU.ActiveCfg = Release|Any CPU
		{E889680F-C2CC-4C4E-BF4A-1C844AD577E4}.Release|Any CPU.Build.0 = Release|Any CPU
		{4DE4F3E5-0768-47D0-ABD6-21FC6DB01B35}.Debug|Any CPU.ActiveCfg = Debug|Any CPU
		{4DE4F3E5-0768-47D0-ABD6-21FC6DB01B35}.Debug|Any CPU.Build.0 = Debug|Any CPU
		{4DE4F3E5-0768-47D0-ABD6-21FC6DB01B35}.Release|Any CPU.ActiveCfg = Release|Any CPU
		{4DE4F3E5-0768-47D0-ABD6-21FC6DB01B35}.Release|Any CPU.Build.0 = Release|Any CPU
		{ABF854B4-2A31-4D9D-A45C-ADA0C3114842}.Debug|Any CPU.ActiveCfg = Debug|Any CPU
		{ABF854B4-2A31-4D9D-A45C-ADA0C3114842}.Debug|Any CPU.Build.0 = Debug|Any CPU
		{ABF854B4-2A31-4D9D-A45C-ADA0C3114842}.Release|Any CPU.ActiveCfg = Release|Any CPU
		{ABF854B4-2A31-4D9D-A45C-ADA0C3114842}.Release|Any CPU.Build.0 = Release|Any CPU
		{F8F13775-895C-4AB5-AB69-7B68ED4EC8D6}.Debug|Any CPU.ActiveCfg = Debug|Any CPU
		{F8F13775-895C-4AB5-AB69-7B68ED4EC8D6}.Debug|Any CPU.Build.0 = Debug|Any CPU
		{F8F13775-895C-4AB5-AB69-7B68ED4EC8D6}.Release|Any CPU.ActiveCfg = Release|Any CPU
		{F8F13775-895C-4AB5-AB69-7B68ED4EC8D6}.Release|Any CPU.Build.0 = Release|Any CPU
	EndGlobalSection
	GlobalSection(SolutionProperties) = preSolution
		HideSolutionNode = FALSE
	EndGlobalSection
	GlobalSection(ExtensibilityGlobals) = postSolution
		SolutionGuid = {13885AC2-75A4-40E5-BA99-30DDCEE38068}
	EndGlobalSection
EndGlobal
